github.com/go-webgpu/goffi v0.3.8 h1:Kzw7oP1XEjkv+6QvOIWwuNMfW3iOTPq0hQjr14YwVBM=
github.com/go-webgpu/goffi v0.3.8/go.mod h1:wfoxNsJkU+5RFbV1kNN1kunhc1lFHuJKK3zpgx08/uM=
github.com/go-webgpu/webgpu v0.2.1 h1:i4kzvI4oq+ETsMRNbdIIz0eakoUes0yCIlUQgusulbI=
github.com/go-webgpu/webgpu v0.2.1/go.mod h1:2cooaik+rR8u7u8g0WBZvFga+nfhMpddRdTOkq/goA8=
github.com/gogpu/gpucontext v0.8.0 h1:6rme+Az709wy6UcA4R91CGC1tEYDsdZG47Qvt7W1fTA=
github.com/gogpu/gpucontext v0.8.0/go.mod h1:d+6V6OVk81cFRpsJcl+9Qnd8qCDLTQGelMVMEzjPTUg=
github.com/gogpu/gputypes v0.2.0 h1:Quv3ekiU12zK4ZhBZsSZmalHYc+zj2gr9ZWRyzKgkKk=
github.com/gogpu/gputypes v0.2.0/go.mod h1:cnXrDMwTpWTvJLW1Vreop3PcT6a2YP/i3s91rPaOavw=
github.com/gogpu/naga v0.11.1 h1:euQHzjzmEL1Xp/vvJBa5t1zM91HtOynJ3oWUWNGfOYc=
github.com/gogpu/naga v0.11.1/go.mod h1:15sQaHKkbqXcwTN+hHYGLsA0WBBnkmYzne/eF5p5WEg=
github.com/gogpu/wgpu v0.14.0 h1:9av8auFkqdOSRKnCvv5CK7ExMn3M+NV0bPQlzJyRIBE=
github.com/gogpu/wgpu v0.14.0/go.mod h1:qTmZT6wycVXlsqvjwLDveinshdGqf/LXCxEeGwRrax8=
golang.org/x/sys v0.40.0 h1:DBZZqJ2Rkml6QMQsZywtnjnnGvHza6BTfYFWY9kjEWQ=
golang.org/x/sys v0.40.0/go.mod h1:OgkHotnGiDImocRcuBABYBEXf8A9a87e/uXjp9XT3ks=
